
Microsoft Visual Studio Solution File, Format Version 12.00
# Visual Studio Version 16
VisualStudioVersion = 16.0.29215.179
MinimumVisualStudioVersion = 10.0.40219.1
Project("{FAE04EC0-301F-11D3-BF4B-00C04F79EFBC}") = "Avtosalon", "Avtosalon\Avtosalon.csproj", "{F343EB2D-EB06-4C50-B9B0-2EA278518F6C}"
EndProject
Global
	GlobalSection(SolutionConfigurationPlatforms) = preSolution
		Debug|Any CPU = Debug|Any CPU
		Release|Any CPU = Release|Any CPU
	EndGlobalSection
	GlobalSection(ProjectConfigurationPlatforms) = postSolution
		{F343EB2D-EB06-4C50-B9B0-2EA278518F6C}.Debug|Any CPU.ActiveCfg = Debug|Any CPU
		{F343EB2D-EB06-4C50-B9B0-2EA278518F6C}.Debug|Any CPU.Build.0 = Debug|Any CPU
		{F343EB2D-EB06-4C50-B9B0-2EA278518F6C}.Release|Any CPU.ActiveCfg = Release|Any CPU
		{F343EB2D-EB06-4C50-B9B0-2EA278518F6C}.Release|Any CPU.Build.0 = Release|Any CPU
	EndGlobalSection
	GlobalSection(SolutionProperties) = preSolution
		HideSolutionNode = FALSE
	EndGlobalSection
	GlobalSection(ExtensibilityGlobals) = postSolution
		SolutionGuid = {9AC68C4B-FF7A-4255-BD4A-598FD07F1CD2}
	EndGlobalSection
EndGlobal
